// !$*UTF8*$!
{
	archiveVersion = 1;
	classes = {
	};
	objectVersion = 56;
	objects = {

/* Begin PBXBuildFile section */
		3272B7022B5E3D8700BF3623 /* AppDelegate.swift in Sources */ = {isa = PBXBuildFile; fileRef = 3272B7012B5E3D8700BF3623 /* AppDelegate.swift */; };
		3272B7042B5E3D8700BF3623 /* SceneDelegate.swift in Sources */ = {isa = PBXBuildFile; fileRef = 3272B7032B5E3D8700BF3623 /* SceneDelegate.swift */; };
		3272B7062B5E3D8700BF3623 /* ContainerVC.swift in Sources */ = {isa = PBXBuildFile; fileRef = 3272B7052B5E3D8700BF3623 /* ContainerVC.swift */; };
		3272B70B2B5E3D8800BF3623 /* Assets.xcassets in Resources */ = {isa = PBXBuildFile; fileRef = 3272B70A2B5E3D8800BF3623 /* Assets.xcassets */; };
		3272B70E2B5E3D8800BF3623 /* LaunchScreen.storyboard in Resources */ = {isa = PBXBuildFile; fileRef = 3272B70C2B5E3D8800BF3623 /* LaunchScreen.storyboard */; };
		3272B7182B5E445C00BF3623 /* TabView.swift in Sources */ = {isa = PBXBuildFile; fileRef = 3272B7172B5E445C00BF3623 /* TabView.swift */; };
		3272B71A2B5E491300BF3623 /* Tab.swift in Sources */ = {isa = PBXBuildFile; fileRef = 3272B7192B5E491300BF3623 /* Tab.swift */; };
		3272B71D2B5E4A9400BF3623 /* UIButton + Extension.swift in Sources */ = {isa = PBXBuildFile; fileRef = 3272B71C2B5E4A9400BF3623 /* UIButton + Extension.swift */; };
		3272B7202B5E4B5800BF3623 /* CombineCocoa in Frameworks */ = {isa = PBXBuildFile; productRef = 3272B71F2B5E4B5800BF3623 /* CombineCocoa */; };
		3272B7222B5E5E2700BF3623 /* UIColor + Extension.swift in Sources */ = {isa = PBXBuildFile; fileRef = 3272B7212B5E5E2700BF3623 /* UIColor + Extension.swift */; };
		3272B7252B5E5E6500BF3623 /* ThemeColor.swift in Sources */ = {isa = PBXBuildFile; fileRef = 3272B7242B5E5E6500BF3623 /* ThemeColor.swift */; };
		3272B7272B5E60B500BF3623 /* HomeViewController.swift in Sources */ = {isa = PBXBuildFile; fileRef = 3272B7262B5E60B500BF3623 /* HomeViewController.swift */; };
		3272B7292B5E60DC00BF3623 /* AccountViewController.swift in Sources */ = {isa = PBXBuildFile; fileRef = 3272B7282B5E60DC00BF3623 /* AccountViewController.swift */; };
		3272B72B2B5E60E800BF3623 /* LocationViewController.swift in Sources */ = {isa = PBXBuildFile; fileRef = 3272B72A2B5E60E800BF3623 /* LocationViewController.swift */; };
		3272B72D2B5E60F600BF3623 /* ServiceViewController.swift in Sources */ = {isa = PBXBuildFile; fileRef = 3272B72C2B5E60F600BF3623 /* ServiceViewController.swift */; };
		3272B7322B5E751300BF3623 /* BalanceView.swift in Sources */ = {isa = PBXBuildFile; fileRef = 3272B7312B5E751300BF3623 /* BalanceView.swift */; };
		3272B7342B5E756800BF3623 /* LabelFactory.swift in Sources */ = {isa = PBXBuildFile; fileRef = 3272B7332B5E756800BF3623 /* LabelFactory.swift */; };
		3272B7362B5E774400BF3623 /* ThemeFont.swift in Sources */ = {isa = PBXBuildFile; fileRef = 3272B7352B5E774400BF3623 /* ThemeFont.swift */; };
		3272B7382B5E80C800BF3623 /* CurrencyView.swift in Sources */ = {isa = PBXBuildFile; fileRef = 3272B7372B5E80C800BF3623 /* CurrencyView.swift */; };
		32A8F6142B637A070009CE9C /* UIPageControl + Extension.swift in Sources */ = {isa = PBXBuildFile; fileRef = 32A8F6132B637A070009CE9C /* UIPageControl + Extension.swift */; };
		32A8F6162B6380AA0009CE9C /* SkeletonLoadable.swift in Sources */ = {isa = PBXBuildFile; fileRef = 32A8F6152B6380AA0009CE9C /* SkeletonLoadable.swift */; };
		32CFFA082B5F626000F7C9A8 /* BtnCollectionView.swift in Sources */ = {isa = PBXBuildFile; fileRef = 32CFFA072B5F626000F7C9A8 /* BtnCollectionView.swift */; };
		32CFFA0A2B5F629400F7C9A8 /* BtnCollectionViewCell.swift in Sources */ = {isa = PBXBuildFile; fileRef = 32CFFA092B5F629400F7C9A8 /* BtnCollectionViewCell.swift */; };
		32CFFA0D2B5F7B5600F7C9A8 /* FavoriteCollectionViewCell.swift in Sources */ = {isa = PBXBuildFile; fileRef = 32CFFA0C2B5F7B5600F7C9A8 /* FavoriteCollectionViewCell.swift */; };
		32CFFA0F2B5F7B6D00F7C9A8 /* FavoriteCollectionView.swift in Sources */ = {isa = PBXBuildFile; fileRef = 32CFFA0E2B5F7B6D00F7C9A8 /* FavoriteCollectionView.swift */; };
		32CFFA112B5F7B8900F7C9A8 /* HeaderView.swift in Sources */ = {isa = PBXBuildFile; fileRef = 32CFFA102B5F7B8900F7C9A8 /* HeaderView.swift */; };
		32CFFA142B5F9E5600F7C9A8 /* BannerView.swift in Sources */ = {isa = PBXBuildFile; fileRef = 32CFFA132B5F9E5600F7C9A8 /* BannerView.swift */; };
		32CFFA162B5F9E6E00F7C9A8 /* BannerScrollView.swift in Sources */ = {isa = PBXBuildFile; fileRef = 32CFFA152B5F9E6E00F7C9A8 /* BannerScrollView.swift */; };
		32CFFA182B5F9EB900F7C9A8 /* DownloadImageView.swift in Sources */ = {isa = PBXBuildFile; fileRef = 32CFFA172B5F9EB900F7C9A8 /* DownloadImageView.swift */; };
		32CFFA1D2B5FB1C900F7C9A8 /* Webservice.swift in Sources */ = {isa = PBXBuildFile; fileRef = 32CFFA1C2B5FB1C900F7C9A8 /* Webservice.swift */; };
		32CFFA1F2B5FB26000F7C9A8 /* Balance.swift in Sources */ = {isa = PBXBuildFile; fileRef = 32CFFA1E2B5FB26000F7C9A8 /* Balance.swift */; };
		32CFFA212B5FB27B00F7C9A8 /* Message.swift in Sources */ = {isa = PBXBuildFile; fileRef = 32CFFA202B5FB27B00F7C9A8 /* Message.swift */; };
		32CFFA232B5FB2A300F7C9A8 /* Favorite.swift in Sources */ = {isa = PBXBuildFile; fileRef = 32CFFA222B5FB2A300F7C9A8 /* Favorite.swift */; };
		32CFFA252B5FB2C300F7C9A8 /* Banner.swift in Sources */ = {isa = PBXBuildFile; fileRef = 32CFFA242B5FB2C300F7C9A8 /* Banner.swift */; };
		32CFFA272B60E40D00F7C9A8 /* HomeViewModel.swift in Sources */ = {isa = PBXBuildFile; fileRef = 32CFFA262B60E40D00F7C9A8 /* HomeViewModel.swift */; };
		32CFFA292B610AA700F7C9A8 /* Result.swift in Sources */ = {isa = PBXBuildFile; fileRef = 32CFFA282B610AA700F7C9A8 /* Result.swift */; };
		32CFFA2B2B612D4800F7C9A8 /* Double + Extension.swift in Sources */ = {isa = PBXBuildFile; fileRef = 32CFFA2A2B612D4800F7C9A8 /* Double + Extension.swift */; };
		32CFFA2E2B621BD700F7C9A8 /* MessageTableViewController.swift in Sources */ = {isa = PBXBuildFile; fileRef = 32CFFA2D2B621BD700F7C9A8 /* MessageTableViewController.swift */; };
		32CFFA312B621C3F00F7C9A8 /* MessageListViewModel.swift in Sources */ = {isa = PBXBuildFile; fileRef = 32CFFA302B621C3F00F7C9A8 /* MessageListViewModel.swift */; };
		32CFFA332B623B5900F7C9A8 /* UIViewConrtoller + Extension.swift in Sources */ = {isa = PBXBuildFile; fileRef = 32CFFA322B623B5900F7C9A8 /* UIViewConrtoller + Extension.swift */; };
		32CFFA362B623C1800F7C9A8 /* MessageTableViewCell.swift in Sources */ = {isa = PBXBuildFile; fileRef = 32CFFA352B623C1800F7C9A8 /* MessageTableViewCell.swift */; };
/* End PBXBuildFile section */

/* Begin PBXFileReference section */
		3272B6FE2B5E3D8700BF3623 /* BankV2Combine.app */ = {isa = PBXFileReference; explicitFileType = wrapper.application; includeInIndex = 0; path = BankV2Combine.app; sourceTree = BUILT_PRODUCTS_DIR; };
		3272B7012B5E3D8700BF3623 /* AppDelegate.swift */ = {isa = PBXFileReference; lastKnownFileType = sourcecode.swift; path = AppDelegate.swift; sourceTree = "<group>"; };
		3272B7032B5E3D8700BF3623 /* SceneDelegate.swift */ = {isa = PBXFileReference; lastKnownFileType = sourcecode.swift; path = SceneDelegate.swift; sourceTree = "<group>"; };
		3272B7052B5E3D8700BF3623 /* ContainerVC.swift */ = {isa = PBXFileReference; lastKnownFileType = sourcecode.swift; path = ContainerVC.swift; sourceTree = "<group>"; };
		3272B70A2B5E3D8800BF3623 /* Assets.xcassets */ = {isa = PBXFileReference; lastKnownFileType = folder.assetcatalog; path = Assets.xcassets; sourceTree = "<group>"; };
		3272B70D2B5E3D8800BF3623 /* Base */ = {isa = PBXFileReference; lastKnownFileType = file.storyboard; name = Base; path = Base.lproj/LaunchScreen.storyboard; sourceTree = "<group>"; };
		3272B70F2B5E3D8800BF3623 /* Info.plist */ = {isa = PBXFileReference; lastKnownFileType = text.plist.xml; path = Info.plist; sourceTree = "<group>"; };
		3272B7172B5E445C00BF3623 /* TabView.swift */ = {isa = PBXFileReference; lastKnownFileType = sourcecode.swift; path = TabView.swift; sourceTree = "<group>"; };
		3272B7192B5E491300BF3623 /* Tab.swift */ = {isa = PBXFileReference; lastKnownFileType = sourcecode.swift; path = Tab.swift; sourceTree = "<group>"; };
		3272B71C2B5E4A9400BF3623 /* UIButton + Extension.swift */ = {isa = PBXFileReference; lastKnownFileType = sourcecode.swift; path = "UIButton + Extension.swift"; sourceTree = "<group>"; };
		3272B7212B5E5E2700BF3623 /* UIColor + Extension.swift */ = {isa = PBXFileReference; lastKnownFileType = sourcecode.swift; path = "UIColor + Extension.swift"; sourceTree = "<group>"; };
		3272B7242B5E5E6500BF3623 /* ThemeColor.swift */ = {isa = PBXFileReference; lastKnownFileType = sourcecode.swift; path = ThemeColor.swift; sourceTree = "<group>"; };
		3272B7262B5E60B500BF3623 /* HomeViewController.swift */ = {isa = PBXFileReference; lastKnownFileType = sourcecode.swift; path = HomeViewController.swift; sourceTree = "<group>"; };
		3272B7282B5E60DC00BF3623 /* AccountViewController.swift */ = {isa = PBXFileReference; lastKnownFileType = sourcecode.swift; path = AccountViewController.swift; sourceTree = "<group>"; };
		3272B72A2B5E60E800BF3623 /* LocationViewController.swift */ = {isa = PBXFileReference; lastKnownFileType = sourcecode.swift; path = LocationViewController.swift; sourceTree = "<group>"; };
		3272B72C2B5E60F600BF3623 /* ServiceViewController.swift */ = {isa = PBXFileReference; lastKnownFileType = sourcecode.swift; path = ServiceViewController.swift; sourceTree = "<group>"; };
		3272B7312B5E751300BF3623 /* BalanceView.swift */ = {isa = PBXFileReference; lastKnownFileType = sourcecode.swift; path = BalanceView.swift; sourceTree = "<group>"; };
		3272B7332B5E756800BF3623 /* LabelFactory.swift */ = {isa = PBXFileReference; lastKnownFileType = sourcecode.swift; path = LabelFactory.swift; sourceTree = "<group>"; };
		3272B7352B5E774400BF3623 /* ThemeFont.swift */ = {isa = PBXFileReference; lastKnownFileType = sourcecode.swift; path = ThemeFont.swift; sourceTree = "<group>"; };
		3272B7372B5E80C800BF3623 /* CurrencyView.swift */ = {isa = PBXFileReference; lastKnownFileType = sourcecode.swift; path = CurrencyView.swift; sourceTree = "<group>"; };
		32A8F6132B637A070009CE9C /* UIPageControl + Extension.swift */ = {isa = PBXFileReference; lastKnownFileType = sourcecode.swift; path = "UIPageControl + Extension.swift"; sourceTree = "<group>"; };
		32A8F6152B6380AA0009CE9C /* SkeletonLoadable.swift */ = {isa = PBXFileReference; lastKnownFileType = sourcecode.swift; path = SkeletonLoadable.swift; sourceTree = "<group>"; };
		32CFFA072B5F626000F7C9A8 /* BtnCollectionView.swift */ = {isa = PBXFileReference; lastKnownFileType = sourcecode.swift; path = BtnCollectionView.swift; sourceTree = "<group>"; };
		32CFFA092B5F629400F7C9A8 /* BtnCollectionViewCell.swift */ = {isa = PBXFileReference; lastKnownFileType = sourcecode.swift; path = BtnCollectionViewCell.swift; sourceTree = "<group>"; };
		32CFFA0C2B5F7B5600F7C9A8 /* FavoriteCollectionViewCell.swift */ = {isa = PBXFileReference; lastKnownFileType = sourcecode.swift; path = FavoriteCollectionViewCell.swift; sourceTree = "<group>"; };
		32CFFA0E2B5F7B6D00F7C9A8 /* FavoriteCollectionView.swift */ = {isa = PBXFileReference; lastKnownFileType = sourcecode.swift; path = FavoriteCollectionView.swift; sourceTree = "<group>"; };
		32CFFA102B5F7B8900F7C9A8 /* HeaderView.swift */ = {isa = PBXFileReference; lastKnownFileType = sourcecode.swift; path = HeaderView.swift; sourceTree = "<group>"; };
		32CFFA132B5F9E5600F7C9A8 /* BannerView.swift */ = {isa = PBXFileReference; lastKnownFileType = sourcecode.swift; path = BannerView.swift; sourceTree = "<group>"; };
		32CFFA152B5F9E6E00F7C9A8 /* BannerScrollView.swift */ = {isa = PBXFileReference; lastKnownFileType = sourcecode.swift; path = BannerScrollView.swift; sourceTree = "<group>"; };
		32CFFA172B5F9EB900F7C9A8 /* DownloadImageView.swift */ = {isa = PBXFileReference; lastKnownFileType = sourcecode.swift; path = DownloadImageView.swift; sourceTree = "<group>"; };
		32CFFA1C2B5FB1C900F7C9A8 /* Webservice.swift */ = {isa = PBXFileReference; lastKnownFileType = sourcecode.swift; path = Webservice.swift; sourceTree = "<group>"; };
		32CFFA1E2B5FB26000F7C9A8 /* Balance.swift */ = {isa = PBXFileReference; lastKnownFileType = sourcecode.swift; path = Balance.swift; sourceTree = "<group>"; };
		32CFFA202B5FB27B00F7C9A8 /* Message.swift */ = {isa = PBXFileReference; lastKnownFileType = sourcecode.swift; path = Message.swift; sourceTree = "<group>"; };
		32CFFA222B5FB2A300F7C9A8 /* Favorite.swift */ = {isa = PBXFileReference; lastKnownFileType = sourcecode.swift; path = Favorite.swift; sourceTree = "<group>"; };
		32CFFA242B5FB2C300F7C9A8 /* Banner.swift */ = {isa = PBXFileReference; lastKnownFileType = sourcecode.swift; path = Banner.swift; sourceTree = "<group>"; };
		32CFFA262B60E40D00F7C9A8 /* HomeViewModel.swift */ = {isa = PBXFileReference; lastKnownFileType = sourcecode.swift; path = HomeViewModel.swift; sourceTree = "<group>"; };
		32CFFA282B610AA700F7C9A8 /* Result.swift */ = {isa = PBXFileReference; lastKnownFileType = sourcecode.swift; path = Result.swift; sourceTree = "<group>"; };
		32CFFA2A2B612D4800F7C9A8 /* Double + Extension.swift */ = {isa = PBXFileReference; lastKnownFileType = sourcecode.swift; path = "Double + Extension.swift"; sourceTree = "<group>"; };
		32CFFA2D2B621BD700F7C9A8 /* MessageTableViewController.swift */ = {isa = PBXFileReference; lastKnownFileType = sourcecode.swift; path = MessageTableViewController.swift; sourceTree = "<group>"; };
		32CFFA302B621C3F00F7C9A8 /* MessageListViewModel.swift */ = {isa = PBXFileReference; lastKnownFileType = sourcecode.swift; path = MessageListViewModel.swift; sourceTree = "<group>"; };
		32CFFA322B623B5900F7C9A8 /* UIViewConrtoller + Extension.swift */ = {isa = PBXFileReference; lastKnownFileType = sourcecode.swift; path = "UIViewConrtoller + Extension.swift"; sourceTree = "<group>"; };
		32CFFA352B623C1800F7C9A8 /* MessageTableViewCell.swift */ = {isa = PBXFileReference; lastKnownFileType = sourcecode.swift; path = MessageTableViewCell.swift; sourceTree = "<group>"; };
/* End PBXFileReference section */

/* Begin PBXFrameworksBuildPhase section */
		3272B6FB2B5E3D8700BF3623 /* Frameworks */ = {
			isa = PBXFrameworksBuildPhase;
			buildActionMask = 2147483647;
			files = (
				3272B7202B5E4B5800BF3623 /* CombineCocoa in Frameworks */,
			);
			runOnlyForDeploymentPostprocessing = 0;
		};
/* End PBXFrameworksBuildPhase section */

/* Begin PBXGroup section */
		3272B6F52B5E3D8700BF3623 = {
			isa = PBXGroup;
			children = (
				3272B7002B5E3D8700BF3623 /* BankV2Combine */,
				3272B6FF2B5E3D8700BF3623 /* Products */,
			);
			sourceTree = "<group>";
		};
		3272B6FF2B5E3D8700BF3623 /* Products */ = {
			isa = PBXGroup;
			children = (
				3272B6FE2B5E3D8700BF3623 /* BankV2Combine.app */,
			);
			name = Products;
			sourceTree = "<group>";
		};
		3272B7002B5E3D8700BF3623 /* BankV2Combine */ = {
			isa = PBXGroup;
			children = (
				32CFFA1B2B5FB1AB00F7C9A8 /* Service */,
				3272B7152B5E441F00BF3623 /* ContainerVC */,
				3272B72F2B5E74DC00BF3623 /* HomeVC */,
				32CFFA2C2B621B1800F7C9A8 /* MessageVC */,
				3272B7232B5E5E5600BF3623 /* Utils */,
				3272B71B2B5E4A7800BF3623 /* Extensions */,
				3272B7012B5E3D8700BF3623 /* AppDelegate.swift */,
				3272B7032B5E3D8700BF3623 /* SceneDelegate.swift */,
				3272B70A2B5E3D8800BF3623 /* Assets.xcassets */,
				3272B70C2B5E3D8800BF3623 /* LaunchScreen.storyboard */,
				3272B70F2B5E3D8800BF3623 /* Info.plist */,
				3272B7282B5E60DC00BF3623 /* AccountViewController.swift */,
				3272B72A2B5E60E800BF3623 /* LocationViewController.swift */,
				3272B72C2B5E60F600BF3623 /* ServiceViewController.swift */,
			);
			path = BankV2Combine;
			sourceTree = "<group>";
		};
		3272B7152B5E441F00BF3623 /* ContainerVC */ = {
			isa = PBXGroup;
			children = (
				3272B7052B5E3D8700BF3623 /* ContainerVC.swift */,
				3272B72E2B5E74A800BF3623 /* Model */,
				3272B7162B5E443D00BF3623 /* Views */,
			);
			path = ContainerVC;
			sourceTree = "<group>";
		};
		3272B7162B5E443D00BF3623 /* Views */ = {
			isa = PBXGroup;
			children = (
				3272B7172B5E445C00BF3623 /* TabView.swift */,
			);
			path = Views;
			sourceTree = "<group>";
		};
		3272B71B2B5E4A7800BF3623 /* Extensions */ = {
			isa = PBXGroup;
			children = (
				3272B71C2B5E4A9400BF3623 /* UIButton + Extension.swift */,
				3272B7212B5E5E2700BF3623 /* UIColor + Extension.swift */,
				32CFFA2A2B612D4800F7C9A8 /* Double + Extension.swift */,
				32CFFA322B623B5900F7C9A8 /* UIViewConrtoller + Extension.swift */,
				32A8F6132B637A070009CE9C /* UIPageControl + Extension.swift */,
			);
			path = Extensions;
			sourceTree = "<group>";
		};
		3272B7232B5E5E5600BF3623 /* Utils */ = {
			isa = PBXGroup;
			children = (
				3272B7242B5E5E6500BF3623 /* ThemeColor.swift */,
				3272B7332B5E756800BF3623 /* LabelFactory.swift */,
				3272B7352B5E774400BF3623 /* ThemeFont.swift */,
				32A8F6152B6380AA0009CE9C /* SkeletonLoadable.swift */,
			);
			path = Utils;
			sourceTree = "<group>";
		};
		3272B72E2B5E74A800BF3623 /* Model */ = {
			isa = PBXGroup;
			children = (
				3272B7192B5E491300BF3623 /* Tab.swift */,
			);
			path = Model;
			sourceTree = "<group>";
		};
		3272B72F2B5E74DC00BF3623 /* HomeVC */ = {
			isa = PBXGroup;
			children = (
				3272B7262B5E60B500BF3623 /* HomeViewController.swift */,
				32CFFA1A2B5FB09900F7C9A8 /* ViweModels */,
				32CFFA192B5FB09300F7C9A8 /* Models */,
				3272B7302B5E74F200BF3623 /* Views */,
			);
			path = HomeVC;
			sourceTree = "<group>";
		};
		3272B7302B5E74F200BF3623 /* Views */ = {
			isa = PBXGroup;
			children = (
				32CFFA052B5F61C800F7C9A8 /* BalanceView */,
				32CFFA062B5F61DA00F7C9A8 /* BtnCollectionView */,
				32CFFA0B2B5F7B0700F7C9A8 /* FavoriteCollectionView */,
				32CFFA122B5F9DAE00F7C9A8 /* BannerView */,
			);
			path = Views;
			sourceTree = "<group>";
		};
		32CFFA052B5F61C800F7C9A8 /* BalanceView */ = {
			isa = PBXGroup;
			children = (
				3272B7312B5E751300BF3623 /* BalanceView.swift */,
				3272B7372B5E80C800BF3623 /* CurrencyView.swift */,
			);
			name = BalanceView;
			sourceTree = "<group>";
		};
		32CFFA062B5F61DA00F7C9A8 /* BtnCollectionView */ = {
			isa = PBXGroup;
			children = (
				32CFFA072B5F626000F7C9A8 /* BtnCollectionView.swift */,
				32CFFA092B5F629400F7C9A8 /* BtnCollectionViewCell.swift */,
			);
			path = BtnCollectionView;
			sourceTree = "<group>";
		};
		32CFFA0B2B5F7B0700F7C9A8 /* FavoriteCollectionView */ = {
			isa = PBXGroup;
			children = (
				32CFFA0C2B5F7B5600F7C9A8 /* FavoriteCollectionViewCell.swift */,
				32CFFA0E2B5F7B6D00F7C9A8 /* FavoriteCollectionView.swift */,
				32CFFA102B5F7B8900F7C9A8 /* HeaderView.swift */,
			);
			name = FavoriteCollectionView;
			sourceTree = "<group>";
		};
		32CFFA122B5F9DAE00F7C9A8 /* BannerView */ = {
			isa = PBXGroup;
			children = (
				32CFFA132B5F9E5600F7C9A8 /* BannerView.swift */,
				32CFFA152B5F9E6E00F7C9A8 /* BannerScrollView.swift */,
				32CFFA172B5F9EB900F7C9A8 /* DownloadImageView.swift */,
			);
			path = BannerView;
			sourceTree = "<group>";
		};
		32CFFA192B5FB09300F7C9A8 /* Models */ = {
			isa = PBXGroup;
			children = (
				32CFFA282B610AA700F7C9A8 /* Result.swift */,
				32CFFA1E2B5FB26000F7C9A8 /* Balance.swift */,
				32CFFA202B5FB27B00F7C9A8 /* Message.swift */,
				32CFFA222B5FB2A300F7C9A8 /* Favorite.swift */,
				32CFFA242B5FB2C300F7C9A8 /* Banner.swift */,
			);
			path = Models;
			sourceTree = "<group>";
		};
		32CFFA1A2B5FB09900F7C9A8 /* ViweModels */ = {
			isa = PBXGroup;
			children = (
				32CFFA262B60E40D00F7C9A8 /* HomeViewModel.swift */,
			);
			path = ViweModels;
			sourceTree = "<group>";
		};
		32CFFA1B2B5FB1AB00F7C9A8 /* Service */ = {
			isa = PBXGroup;
			children = (
				32CFFA1C2B5FB1C900F7C9A8 /* Webservice.swift */,
			);
			path = Service;
			sourceTree = "<group>";
		};
		32CFFA2C2B621B1800F7C9A8 /* MessageVC */ = {
			isa = PBXGroup;
			children = (
				32CFFA342B623BF900F7C9A8 /* Views */,
				32CFFA2F2B621C0D00F7C9A8 /* ViewModel */,
				32CFFA2D2B621BD700F7C9A8 /* MessageTableViewController.swift */,
			);
			path = MessageVC;
			sourceTree = "<group>";
		};
		32CFFA2F2B621C0D00F7C9A8 /* ViewModel */ = {
			isa = PBXGroup;
			children = (
				32CFFA302B621C3F00F7C9A8 /* MessageListViewModel.swift */,
			);
			name = ViewModel;
			sourceTree = "<group>";
		};
		32CFFA342B623BF900F7C9A8 /* Views */ = {
			isa = PBXGroup;
			children = (
				32CFFA352B623C1800F7C9A8 /* MessageTableViewCell.swift */,
			);
			path = Views;
			sourceTree = "<group>";
		};
/* End PBXGroup section */

/* Begin PBXNativeTarget section */
		3272B6FD2B5E3D8700BF3623 /* BankV2Combine */ = {
			isa = PBXNativeTarget;
			buildConfigurationList = 3272B7122B5E3D8800BF3623 /* Build configuration list for PBXNativeTarget "BankV2Combine" */;
			buildPhases = (
				3272B6FA2B5E3D8700BF3623 /* Sources */,
				3272B6FB2B5E3D8700BF3623 /* Frameworks */,
				3272B6FC2B5E3D8700BF3623 /* Resources */,
			);
			buildRules = (
			);
			dependencies = (
			);
			name = BankV2Combine;
			packageProductDependencies = (
				3272B71F2B5E4B5800BF3623 /* CombineCocoa */,
			);
			productName = BankV2Combine;
			productReference = 3272B6FE2B5E3D8700BF3623 /* BankV2Combine.app */;
			productType = "com.apple.product-type.application";
		};
/* End PBXNativeTarget section */

/* Begin PBXProject section */
		3272B6F62B5E3D8700BF3623 /* Project object */ = {
			isa = PBXProject;
			attributes = {
				BuildIndependentTargetsInParallel = 1;
				LastSwiftUpdateCheck = 1510;
				LastUpgradeCheck = 1510;
				TargetAttributes = {
					3272B6FD2B5E3D8700BF3623 = {
						CreatedOnToolsVersion = 15.1;
					};
				};
			};
			buildConfigurationList = 3272B6F92B5E3D8700BF3623 /* Build configuration list for PBXProject "BankV2Combine" */;
			compatibilityVersion = "Xcode 14.0";
			developmentRegion = en;
			hasScannedForEncodings = 0;
			knownRegions = (
				en,
				Base,
			);
			mainGroup = 3272B6F52B5E3D8700BF3623;
			packageReferences = (
				3272B71E2B5E4B5700BF3623 /* XCRemoteSwiftPackageReference "CombineCocoa" */,
			);
			productRefGroup = 3272B6FF2B5E3D8700BF3623 /* Products */;
			projectDirPath = "";
			projectRoot = "";
			targets = (
				3272B6FD2B5E3D8700BF3623 /* BankV2Combine */,
			);
		};
/* End PBXProject section */

/* Begin PBXResourcesBuildPhase section */
		3272B6FC2B5E3D8700BF3623 /* Resources */ = {
			isa = PBXResourcesBuildPhase;
			buildActionMask = 2147483647;
			files = (
				3272B70E2B5E3D8800BF3623 /* LaunchScreen.storyboard in Resources */,
				3272B70B2B5E3D8800BF3623 /* Assets.xcassets in Resources */,
			);
			runOnlyForDeploymentPostprocessing = 0;
		};
/* End PBXResourcesBuildPhase section */

/* Begin PBXSourcesBuildPhase section */
		3272B6FA2B5E3D8700BF3623 /* Sources */ = {
			isa = PBXSourcesBuildPhase;
			buildActionMask = 2147483647;
			files = (
				3272B7222B5E5E2700BF3623 /* UIColor + Extension.swift in Sources */,
				32CFFA232B5FB2A300F7C9A8 /* Favorite.swift in Sources */,
				32A8F6142B637A070009CE9C /* UIPageControl + Extension.swift in Sources */,
				32CFFA252B5FB2C300F7C9A8 /* Banner.swift in Sources */,
				3272B7062B5E3D8700BF3623 /* ContainerVC.swift in Sources */,
				3272B72D2B5E60F600BF3623 /* ServiceViewController.swift in Sources */,
				32CFFA1D2B5FB1C900F7C9A8 /* Webservice.swift in Sources */,
				32CFFA332B623B5900F7C9A8 /* UIViewConrtoller + Extension.swift in Sources */,
				3272B7382B5E80C800BF3623 /* CurrencyView.swift in Sources */,
				3272B7342B5E756800BF3623 /* LabelFactory.swift in Sources */,
				32A8F6162B6380AA0009CE9C /* SkeletonLoadable.swift in Sources */,
				3272B7022B5E3D8700BF3623 /* AppDelegate.swift in Sources */,
				3272B71A2B5E491300BF3623 /* Tab.swift in Sources */,
				3272B7362B5E774400BF3623 /* ThemeFont.swift in Sources */,
				32CFFA142B5F9E5600F7C9A8 /* BannerView.swift in Sources */,
				3272B7182B5E445C00BF3623 /* TabView.swift in Sources */,
				32CFFA2E2B621BD700F7C9A8 /* MessageTableViewController.swift in Sources */,
				32CFFA272B60E40D00F7C9A8 /* HomeViewModel.swift in Sources */,
				3272B72B2B5E60E800BF3623 /* LocationViewController.swift in Sources */,
				3272B7272B5E60B500BF3623 /* HomeViewController.swift in Sources */,
				32CFFA162B5F9E6E00F7C9A8 /* BannerScrollView.swift in Sources */,
				32CFFA082B5F626000F7C9A8 /* BtnCollectionView.swift in Sources */,
				3272B7292B5E60DC00BF3623 /* AccountViewController.swift in Sources */,
				32CFFA112B5F7B8900F7C9A8 /* HeaderView.swift in Sources */,
				32CFFA182B5F9EB900F7C9A8 /* DownloadImageView.swift in Sources */,
				32CFFA1F2B5FB26000F7C9A8 /* Balance.swift in Sources */,
				32CFFA2B2B612D4800F7C9A8 /* Double + Extension.swift in Sources */,
				32CFFA0A2B5F629400F7C9A8 /* BtnCollectionViewCell.swift in Sources */,
				32CFFA292B610AA700F7C9A8 /* Result.swift in Sources */,
				32CFFA0F2B5F7B6D00F7C9A8 /* FavoriteCollectionView.swift in Sources */,
				32CFFA212B5FB27B00F7C9A8 /* Message.swift in Sources */,
				32CFFA362B623C1800F7C9A8 /* MessageTableViewCell.swift in Sources */,
				3272B7252B5E5E6500BF3623 /* ThemeColor.swift in Sources */,
				3272B7042B5E3D8700BF3623 /* SceneDelegate.swift in Sources */,
				32CFFA312B621C3F00F7C9A8 /* MessageListViewModel.swift in Sources */,
				3272B71D2B5E4A9400BF3623 /* UIButton + Extension.swift in Sources */,
				3272B7322B5E751300BF3623 /* BalanceView.swift in Sources */,
				32CFFA0D2B5F7B5600F7C9A8 /* FavoriteCollectionViewCell.swift in Sources */,
			);
			runOnlyForDeploymentPostprocessing = 0;
		};
/* End PBXSourcesBuildPhase section */

/* Begin PBXVariantGroup section */
		3272B70C2B5E3D8800BF3623 /* LaunchScreen.storyboard */ = {
			isa = PBXVariantGroup;
			children = (
				3272B70D2B5E3D8800BF3623 /* Base */,
			);
			name = LaunchScreen.storyboard;
			sourceTree = "<group>";
		};
/* End PBXVariantGroup section */

/* Begin XCBuildConfiguration section */
		3272B7102B5E3D8800BF3623 /* Debug */ = {
			isa = XCBuildConfiguration;
			buildSettings = {
				ALWAYS_SEARCH_USER_PATHS = NO;
				ASSETCATALOG_COMPILER_GENERATE_SWIFT_ASSET_SYMBOL_EXTENSIONS = YES;
				CLANG_ANALYZER_NONNULL = YES;
				CLANG_ANALYZER_NUMBER_OBJECT_CONVERSION = YES_AGGRESSIVE;
				CLANG_CXX_LANGUAGE_STANDARD = "gnu++20";
				CLANG_ENABLE_MODULES = YES;
				CLANG_ENABLE_OBJC_ARC = YES;
				CLANG_ENABLE_OBJC_WEAK = YES;
				CLANG_WARN_BLOCK_CAPTURE_AUTORELEASING = YES;
				CLANG_WARN_BOOL_CONVERSION = YES;
				CLANG_WARN_COMMA = YES;
				CLANG_WARN_CONSTANT_CONVERSION = YES;
				CLANG_WARN_DEPRECATED_OBJC_IMPLEMENTATIONS = YES;
				CLANG_WARN_DIRECT_OBJC_ISA_USAGE = YES_ERROR;
				CLANG_WARN_DOCUMENTATION_COMMENTS = YES;
				CLANG_WARN_EMPTY_BODY = YES;
				CLANG_WARN_ENUM_CONVERSION = YES;
				CLANG_WARN_INFINITE_RECURSION = YES;
				CLANG_WARN_INT_CONVERSION = YES;
				CLANG_WARN_NON_LITERAL_NULL_CONVERSION = YES;
				CLANG_WARN_OBJC_IMPLICIT_RETAIN_SELF = YES;
				CLANG_WARN_OBJC_LITERAL_CONVERSION = YES;
				CLANG_WARN_OBJC_ROOT_CLASS = YES_ERROR;
				CLANG_WARN_QUOTED_INCLUDE_IN_FRAMEWORK_HEADER = YES;
				CLANG_WARN_RANGE_LOOP_ANALYSIS = YES;
				CLANG_WARN_STRICT_PROTOTYPES = YES;
				CLANG_WARN_SUSPICIOUS_MOVE = YES;
				CLANG_WARN_UNGUARDED_AVAILABILITY = YES_AGGRESSIVE;
				CLANG_WARN_UNREACHABLE_CODE = YES;
				CLANG_WARN__DUPLICATE_METHOD_MATCH = YES;
				COPY_PHASE_STRIP = NO;
				DEBUG_INFORMATION_FORMAT = dwarf;
				ENABLE_STRICT_OBJC_MSGSEND = YES;
				ENABLE_TESTABILITY = YES;
				ENABLE_USER_SCRIPT_SANDBOXING = YES;
				GCC_C_LANGUAGE_STANDARD = gnu17;
				GCC_DYNAMIC_NO_PIC = NO;
				GCC_NO_COMMON_BLOCKS = YES;
				GCC_OPTIMIZATION_LEVEL = 0;
				GCC_PREPROCESSOR_DEFINITIONS = (
					"DEBUG=1",
					"$(inherited)",
				);
				GCC_WARN_64_TO_32_BIT_CONVERSION = YES;
				GCC_WARN_ABOUT_RETURN_TYPE = YES_ERROR;
				GCC_WARN_UNDECLARED_SELECTOR = YES;
				GCC_WARN_UNINITIALIZED_AUTOS = YES_AGGRESSIVE;
				GCC_WARN_UNUSED_FUNCTION = YES;
				GCC_WARN_UNUSED_VARIABLE = YES;
				IPHONEOS_DEPLOYMENT_TARGET = 17.2;
				LOCALIZATION_PREFERS_STRING_CATALOGS = YES;
				MTL_ENABLE_DEBUG_INFO = INCLUDE_SOURCE;
				MTL_FAST_MATH = YES;
				ONLY_ACTIVE_ARCH = YES;
				SDKROOT = iphoneos;
				SWIFT_ACTIVE_COMPILATION_CONDITIONS = "DEBUG $(inherited)";
				SWIFT_OPTIMIZATION_LEVEL = "-Onone";
			};
			name = Debug;
		};
		3272B7112B5E3D8800BF3623 /* Release */ = {
			isa = XCBuildConfiguration;
			buildSettings = {
				ALWAYS_SEARCH_USER_PATHS = NO;
				ASSETCATALOG_COMPILER_GENERATE_SWIFT_ASSET_SYMBOL_EXTENSIONS = YES;
				CLANG_ANALYZER_NONNULL = YES;
				CLANG_ANALYZER_NUMBER_OBJECT_CONVERSION = YES_AGGRESSIVE;
				CLANG_CXX_LANGUAGE_STANDARD = "gnu++20";
				CLANG_ENABLE_MODULES = YES;
				CLANG_ENABLE_OBJC_ARC = YES;
				CLANG_ENABLE_OBJC_WEAK = YES;
				CLANG_WARN_BLOCK_CAPTURE_AUTORELEASING = YES;
				CLANG_WARN_BOOL_CONVERSION = YES;
				CLANG_WARN_COMMA = YES;
				CLANG_WARN_CONSTANT_CONVERSION = YES;
				CLANG_WARN_DEPRECATED_OBJC_IMPLEMENTATIONS = YES;
				CLANG_WARN_DIRECT_OBJC_ISA_USAGE = YES_ERROR;
				CLANG_WARN_DOCUMENTATION_COMMENTS = YES;
				CLANG_WARN_EMPTY_BODY = YES;
				CLANG_WARN_ENUM_CONVERSION = YES;
				CLANG_WARN_INFINITE_RECURSION = YES;
				CLANG_WARN_INT_CONVERSION = YES;
				CLANG_WARN_NON_LITERAL_NULL_CONVERSION = YES;
				CLANG_WARN_OBJC_IMPLICIT_RETAIN_SELF = YES;
				CLANG_WARN_OBJC_LITERAL_CONVERSION = YES;
				CLANG_WARN_OBJC_ROOT_CLASS = YES_ERROR;
				CLANG_WARN_QUOTED_INCLUDE_IN_FRAMEWORK_HEADER = YES;
				CLANG_WARN_RANGE_LOOP_ANALYSIS = YES;
				CLANG_WARN_STRICT_PROTOTYPES = YES;
				CLANG_WARN_SUSPICIOUS_MOVE = YES;
				CLANG_WARN_UNGUARDED_AVAILABILITY = YES_AGGRESSIVE;
				CLANG_WARN_UNREACHABLE_CODE = YES;
				CLANG_WARN__DUPLICATE_METHOD_MATCH = YES;
				COPY_PHASE_STRIP = NO;
				DEBUG_INFORMATION_FORMAT = "dwarf-with-dsym";
				ENABLE_NS_ASSERTIONS = NO;
				ENABLE_STRICT_OBJC_MSGSEND = YES;
				ENABLE_USER_SCRIPT_SANDBOXING = YES;
				GCC_C_LANGUAGE_STANDARD = gnu17;
				GCC_NO_COMMON_BLOCKS = YES;
				GCC_WARN_64_TO_32_BIT_CONVERSION = YES;
				GCC_WARN_ABOUT_RETURN_TYPE = YES_ERROR;
				GCC_WARN_UNDECLARED_SELECTOR = YES;
				GCC_WARN_UNINITIALIZED_AUTOS = YES_AGGRESSIVE;
				GCC_WARN_UNUSED_FUNCTION = YES;
				GCC_WARN_UNUSED_VARIABLE = YES;
				IPHONEOS_DEPLOYMENT_TARGET = 17.2;
				LOCALIZATION_PREFERS_STRING_CATALOGS = YES;
				MTL_ENABLE_DEBUG_INFO = NO;
				MTL_FAST_MATH = YES;
				SDKROOT = iphoneos;
				SWIFT_COMPILATION_MODE = wholemodule;
				VALIDATE_PRODUCT = YES;
			};
			name = Release;
		};
		3272B7132B5E3D8800BF3623 /* Debug */ = {
			isa = XCBuildConfiguration;
			buildSettings = {
				ASSETCATALOG_COMPILER_APPICON_NAME = AppIcon;
				ASSETCATALOG_COMPILER_GLOBAL_ACCENT_COLOR_NAME = AccentColor;
				CODE_SIGN_STYLE = Automatic;
				CURRENT_PROJECT_VERSION = 1;
				DEVELOPMENT_TEAM = T35Q235S4W;
				GENERATE_INFOPLIST_FILE = YES;
				INFOPLIST_FILE = BankV2Combine/Info.plist;
				INFOPLIST_KEY_UIApplicationSupportsIndirectInputEvents = YES;
				INFOPLIST_KEY_UILaunchStoryboardName = LaunchScreen;
				INFOPLIST_KEY_UISupportedInterfaceOrientations_iPad = "UIInterfaceOrientationPortrait UIInterfaceOrientationPortraitUpsideDown UIInterfaceOrientationLandscapeLeft UIInterfaceOrientationLandscapeRight";
				INFOPLIST_KEY_UISupportedInterfaceOrientations_iPhone = "UIInterfaceOrientationPortrait UIInterfaceOrientationLandscapeLeft UIInterfaceOrientationLandscapeRight";
				IPHONEOS_DEPLOYMENT_TARGET = 16.0;
				LD_RUNPATH_SEARCH_PATHS = (
					"$(inherited)",
					"@executable_path/Frameworks",
				);
				MARKETING_VERSION = 1.0;
				PRODUCT_BUNDLE_IDENTIFIER = com.fang.BankV2Combine;
				PRODUCT_NAME = "$(TARGET_NAME)";
				SWIFT_EMIT_LOC_STRINGS = YES;
				SWIFT_VERSION = 5.0;
				TARGETED_DEVICE_FAMILY = "1,2";
			};
			name = Debug;
		};
		3272B7142B5E3D8800BF3623 /* Release */ = {
			isa = XCBuildConfiguration;
			buildSettings = {
				ASSETCATALOG_COMPILER_APPICON_NAME = AppIcon;
				ASSETCATALOG_COMPILER_GLOBAL_ACCENT_COLOR_NAME = AccentColor;
				CODE_SIGN_STYLE = Automatic;
				CURRENT_PROJECT_VERSION = 1;
				DEVELOPMENT_TEAM = T35Q235S4W;
				GENERATE_INFOPLIST_FILE = YES;
				INFOPLIST_FILE = BankV2Combine/Info.plist;
				INFOPLIST_KEY_UIApplicationSupportsIndirectInputEvents = YES;
				INFOPLIST_KEY_UILaunchStoryboardName = LaunchScreen;
				INFOPLIST_KEY_UISupportedInterfaceOrientations_iPad = "UIInterfaceOrientationPortrait UIInterfaceOrientationPortraitUpsideDown UIInterfaceOrientationLandscapeLeft UIInterfaceOrientationLandscapeRight";
				INFOPLIST_KEY_UISupportedInterfaceOrientations_iPhone = "UIInterfaceOrientationPortrait UIInterfaceOrientationLandscapeLeft UIInterfaceOrientationLandscapeRight";
				IPHONEOS_DEPLOYMENT_TARGET = 16.0;
				LD_RUNPATH_SEARCH_PATHS = (
					"$(inherited)",
					"@executable_path/Frameworks",
				);
				MARKETING_VERSION = 1.0;
				PRODUCT_BUNDLE_IDENTIFIER = com.fang.BankV2Combine;
				PRODUCT_NAME = "$(TARGET_NAME)";
				SWIFT_EMIT_LOC_STRINGS = YES;
				SWIFT_VERSION = 5.0;
				TARGETED_DEVICE_FAMILY = "1,2";
			};
			name = Release;
		};
/* End XCBuildConfiguration section */

/* Begin XCConfigurationList section */
		3272B6F92B5E3D8700BF3623 /* Build configuration list for PBXProject "BankV2Combine" */ = {
			isa = XCConfigurationList;
			buildConfigurations = (
				3272B7102B5E3D8800BF3623 /* Debug */,
				3272B7112B5E3D8800BF3623 /* Release */,
			);
			defaultConfigurationIsVisible = 0;
			defaultConfigurationName = Release;
		};
		3272B7122B5E3D8800BF3623 /* Build configuration list for PBXNativeTarget "BankV2Combine" */ = {
			isa = XCConfigurationList;
			buildConfigurations = (
				3272B7132B5E3D8800BF3623 /* Debug */,
				3272B7142B5E3D8800BF3623 /* Release */,
			);
			defaultConfigurationIsVisible = 0;
			defaultConfigurationName = Release;
		};
/* End XCConfigurationList section */

/* Begin XCRemoteSwiftPackageReference section */
		3272B71E2B5E4B5700BF3623 /* XCRemoteSwiftPackageReference "CombineCocoa" */ = {
			isa = XCRemoteSwiftPackageReference;
			repositoryURL = "https://github.com/CombineCommunity/CombineCocoa.git";
			requirement = {
				kind = upToNextMajorVersion;
				minimumVersion = 0.4.1;
			};
		};
/* End XCRemoteSwiftPackageReference section */

/* Begin XCSwiftPackageProductDependency section */
		3272B71F2B5E4B5800BF3623 /* CombineCocoa */ = {
			isa = XCSwiftPackageProductDependency;
			package = 3272B71E2B5E4B5700BF3623 /* XCRemoteSwiftPackageReference "CombineCocoa" */;
			productName = CombineCocoa;
		};
/* End XCSwiftPackageProductDependency section */
	};
	rootObject = 3272B6F62B5E3D8700BF3623 /* Project object */;
}
